// !$*UTF8*$!
{
	archiveVersion = 1;
	classes = {
	};
	objectVersion = 46;
	objects = {

/* Begin PBXBuildFile section */
		B66C8BA31A92EEC0008BB9E9 /* MediaTableViewCell.m in Sources */ = {isa = PBXBuildFile; fileRef = B66C8BA21A92EEC0008BB9E9 /* MediaTableViewCell.m */; };
		B6B289FD1A91544C00F5BF7C /* main.m in Sources */ = {isa = PBXBuildFile; fileRef = B6B289FC1A91544C00F5BF7C /* main.m */; };
		B6B28A001A91544C00F5BF7C /* AppDelegate.m in Sources */ = {isa = PBXBuildFile; fileRef = B6B289FF1A91544C00F5BF7C /* AppDelegate.m */; };
		B6B28A081A91544C00F5BF7C /* Images.xcassets in Resources */ = {isa = PBXBuildFile; fileRef = B6B28A071A91544C00F5BF7C /* Images.xcassets */; };
		B6B28A171A91544C00F5BF7C /* BlocstagramTests.m in Sources */ = {isa = PBXBuildFile; fileRef = B6B28A161A91544C00F5BF7C /* BlocstagramTests.m */; };
		B6B28A2B1A9156F400F5BF7C /* 1.jpg in Resources */ = {isa = PBXBuildFile; fileRef = B6B28A211A9156F400F5BF7C /* 1.jpg */; };
		B6B28A2C1A9156F400F5BF7C /* 2.jpg in Resources */ = {isa = PBXBuildFile; fileRef = B6B28A221A9156F400F5BF7C /* 2.jpg */; };
		B6B28A2D1A9156F400F5BF7C /* 3.jpg in Resources */ = {isa = PBXBuildFile; fileRef = B6B28A231A9156F400F5BF7C /* 3.jpg */; };
		B6B28A2E1A9156F400F5BF7C /* 4.jpg in Resources */ = {isa = PBXBuildFile; fileRef = B6B28A241A9156F400F5BF7C /* 4.jpg */; };
		B6B28A2F1A9156F400F5BF7C /* 5.jpg in Resources */ = {isa = PBXBuildFile; fileRef = B6B28A251A9156F400F5BF7C /* 5.jpg */; };
		B6B28A301A9156F400F5BF7C /* 6.jpg in Resources */ = {isa = PBXBuildFile; fileRef = B6B28A261A9156F400F5BF7C /* 6.jpg */; };
		B6B28A311A9156F400F5BF7C /* 7.jpg in Resources */ = {isa = PBXBuildFile; fileRef = B6B28A271A9156F400F5BF7C /* 7.jpg */; };
		B6B28A321A9156F400F5BF7C /* 8.jpg in Resources */ = {isa = PBXBuildFile; fileRef = B6B28A281A9156F400F5BF7C /* 8.jpg */; };
		B6B28A331A9156F400F5BF7C /* 9.jpg in Resources */ = {isa = PBXBuildFile; fileRef = B6B28A291A9156F400F5BF7C /* 9.jpg */; };
		B6B28A341A9156F400F5BF7C /* 10.jpg in Resources */ = {isa = PBXBuildFile; fileRef = B6B28A2A1A9156F400F5BF7C /* 10.jpg */; };
		B6B28A3A1A91581700F5BF7C /* ImagesTableViewController.m in Sources */ = {isa = PBXBuildFile; fileRef = B6B28A391A91581700F5BF7C /* ImagesTableViewController.m */; };
		B6B28A3D1A91802000F5BF7C /* User.m in Sources */ = {isa = PBXBuildFile; fileRef = B6B28A3C1A91802000F5BF7C /* User.m */; };
		B6B28A401A9181B400F5BF7C /* Media.m in Sources */ = {isa = PBXBuildFile; fileRef = B6B28A3F1A9181B400F5BF7C /* Media.m */; };
		B6B28A431A9185E700F5BF7C /* Comment.m in Sources */ = {isa = PBXBuildFile; fileRef = B6B28A421A9185E700F5BF7C /* Comment.m */; };
		B6B28A461A91866800F5BF7C /* DataSource.m in Sources */ = {isa = PBXBuildFile; fileRef = B6B28A451A91866800F5BF7C /* DataSource.m */; };
		B6B69F9B1AA2739800FA7711 /* LoginViewController.m in Sources */ = {isa = PBXBuildFile; fileRef = B6B69F9A1AA2739800FA7711 /* LoginViewController.m */; };
		B6CC25631AAD45F200AFA997 /* Blocstagram.xcworkspace in Resources */ = {isa = PBXBuildFile; fileRef = B6CC25621AAD45F200AFA997 /* Blocstagram.xcworkspace */; };
		EB03D0F0220B9F1957EA9D44 /* libPods.a in Frameworks */ = {isa = PBXBuildFile; fileRef = BABD62EB926DA5E3B11D87EC /* libPods.a */; };
/* End PBXBuildFile section */

/* Begin PBXContainerItemProxy section */
		B6B28A111A91544C00F5BF7C /* PBXContainerItemProxy */ = {
			isa = PBXContainerItemProxy;
			containerPortal = B6B289EF1A91544C00F5BF7C /* Project object */;
			proxyType = 1;
			remoteGlobalIDString = B6B289F61A91544C00F5BF7C;
			remoteInfo = Blocstagram;
		};
/* End PBXContainerItemProxy section */

/* Begin PBXFileReference section */
		19FDBF76F9326310BFB1B89F /* Pods.release.xcconfig */ = {isa = PBXFileReference; includeInIndex = 1; lastKnownFileType = text.xcconfig; name = Pods.release.xcconfig; path = "Pods/Target Support Files/Pods/Pods.release.xcconfig"; sourceTree = "<group>"; };
		B66C8BA11A92EEBF008BB9E9 /* MediaTableViewCell.h */ = {isa = PBXFileReference; fileEncoding = 4; lastKnownFileType = sourcecode.c.h; path = MediaTableViewCell.h; sourceTree = "<group>"; };
		B66C8BA21A92EEC0008BB9E9 /* MediaTableViewCell.m */ = {isa = PBXFileReference; fileEncoding = 4; lastKnownFileType = sourcecode.c.objc; path = MediaTableViewCell.m; sourceTree = "<group>"; };
		B6B289F71A91544C00F5BF7C /* Blocstagram.app */ = {isa = PBXFileReference; explicitFileType = wrapper.application; includeInIndex = 0; path = Blocstagram.app; sourceTree = BUILT_PRODUCTS_DIR; };
		B6B289FB1A91544C00F5BF7C /* Info.plist */ = {isa = PBXFileReference; lastKnownFileType = text.plist.xml; path = Info.plist; sourceTree = "<group>"; };
		B6B289FC1A91544C00F5BF7C /* main.m */ = {isa = PBXFileReference; lastKnownFileType = sourcecode.c.objc; path = main.m; sourceTree = "<group>"; };
		B6B289FE1A91544C00F5BF7C /* AppDelegate.h */ = {isa = PBXFileReference; lastKnownFileType = sourcecode.c.h; path = AppDelegate.h; sourceTree = "<group>"; };
		B6B289FF1A91544C00F5BF7C /* AppDelegate.m */ = {isa = PBXFileReference; lastKnownFileType = sourcecode.c.objc; path = AppDelegate.m; sourceTree = "<group>"; };
		B6B28A071A91544C00F5BF7C /* Images.xcassets */ = {isa = PBXFileReference; lastKnownFileType = folder.assetcatalog; path = Images.xcassets; sourceTree = "<group>"; };
		B6B28A101A91544C00F5BF7C /* BlocstagramTests.xctest */ = {isa = PBXFileReference; explicitFileType = wrapper.cfbundle; includeInIndex = 0; path = BlocstagramTests.xctest; sourceTree = BUILT_PRODUCTS_DIR; };
		B6B28A151A91544C00F5BF7C /* Info.plist */ = {isa = PBXFileReference; lastKnownFileType = text.plist.xml; path = Info.plist; sourceTree = "<group>"; };
		B6B28A161A91544C00F5BF7C /* BlocstagramTests.m */ = {isa = PBXFileReference; lastKnownFileType = sourcecode.c.objc; path = BlocstagramTests.m; sourceTree = "<group>"; };
		B6B28A211A9156F400F5BF7C /* 1.jpg */ = {isa = PBXFileReference; lastKnownFileType = image.jpeg; path = 1.jpg; sourceTree = "<group>"; };
		B6B28A221A9156F400F5BF7C /* 2.jpg */ = {isa = PBXFileReference; lastKnownFileType = image.jpeg; path = 2.jpg; sourceTree = "<group>"; };
		B6B28A231A9156F400F5BF7C /* 3.jpg */ = {isa = PBXFileReference; lastKnownFileType = image.jpeg; path = 3.jpg; sourceTree = "<group>"; };
		B6B28A241A9156F400F5BF7C /* 4.jpg */ = {isa = PBXFileReference; lastKnownFileType = image.jpeg; path = 4.jpg; sourceTree = "<group>"; };
		B6B28A251A9156F400F5BF7C /* 5.jpg */ = {isa = PBXFileReference; lastKnownFileType = image.jpeg; path = 5.jpg; sourceTree = "<group>"; };
		B6B28A261A9156F400F5BF7C /* 6.jpg */ = {isa = PBXFileReference; lastKnownFileType = image.jpeg; path = 6.jpg; sourceTree = "<group>"; };
		B6B28A271A9156F400F5BF7C /* 7.jpg */ = {isa = PBXFileReference; lastKnownFileType = image.jpeg; path = 7.jpg; sourceTree = "<group>"; };
		B6B28A281A9156F400F5BF7C /* 8.jpg */ = {isa = PBXFileReference; lastKnownFileType = image.jpeg; path = 8.jpg; sourceTree = "<group>"; };
		B6B28A291A9156F400F5BF7C /* 9.jpg */ = {isa = PBXFileReference; lastKnownFileType = image.jpeg; path = 9.jpg; sourceTree = "<group>"; };
		B6B28A2A1A9156F400F5BF7C /* 10.jpg */ = {isa = PBXFileReference; lastKnownFileType = image.jpeg; path = 10.jpg; sourceTree = "<group>"; };
		B6B28A381A91581700F5BF7C /* ImagesTableViewController.h */ = {isa = PBXFileReference; fileEncoding = 4; lastKnownFileType = sourcecode.c.h; name = ImagesTableViewController.h; path = ../ImagesTableViewController.h; sourceTree = "<group>"; };
		B6B28A391A91581700F5BF7C /* ImagesTableViewController.m */ = {isa = PBXFileReference; fileEncoding = 4; lastKnownFileType = sourcecode.c.objc; name = ImagesTableViewController.m; path = ../ImagesTableViewController.m; sourceTree = "<group>"; };
		B6B28A3B1A91802000F5BF7C /* User.h */ = {isa = PBXFileReference; fileEncoding = 4; lastKnownFileType = sourcecode.c.h; path = User.h; sourceTree = "<group>"; };
		B6B28A3C1A91802000F5BF7C /* User.m */ = {isa = PBXFileReference; fileEncoding = 4; lastKnownFileType = sourcecode.c.objc; path = User.m; sourceTree = "<group>"; };
		B6B28A3E1A9181B400F5BF7C /* Media.h */ = {isa = PBXFileReference; fileEncoding = 4; lastKnownFileType = sourcecode.c.h; path = Media.h; sourceTree = "<group>"; };
		B6B28A3F1A9181B400F5BF7C /* Media.m */ = {isa = PBXFileReference; fileEncoding = 4; lastKnownFileType = sourcecode.c.objc; path = Media.m; sourceTree = "<group>"; };
		B6B28A411A9185E700F5BF7C /* Comment.h */ = {isa = PBXFileReference; fileEncoding = 4; lastKnownFileType = sourcecode.c.h; path = Comment.h; sourceTree = "<group>"; };
		B6B28A421A9185E700F5BF7C /* Comment.m */ = {isa = PBXFileReference; fileEncoding = 4; lastKnownFileType = sourcecode.c.objc; path = Comment.m; sourceTree = "<group>"; };
		B6B28A441A91866800F5BF7C /* DataSource.h */ = {isa = PBXFileReference; fileEncoding = 4; lastKnownFileType = sourcecode.c.h; path = DataSource.h; sourceTree = "<group>"; };
		B6B28A451A91866800F5BF7C /* DataSource.m */ = {isa = PBXFileReference; fileEncoding = 4; lastKnownFileType = sourcecode.c.objc; path = DataSource.m; sourceTree = "<group>"; };
		B6B69F991AA2739800FA7711 /* LoginViewController.h */ = {isa = PBXFileReference; fileEncoding = 4; lastKnownFileType = sourcecode.c.h; path = LoginViewController.h; sourceTree = "<group>"; };
		B6B69F9A1AA2739800FA7711 /* LoginViewController.m */ = {isa = PBXFileReference; fileEncoding = 4; lastKnownFileType = sourcecode.c.objc; path = LoginViewController.m; sourceTree = "<group>"; };
		B6CC25621AAD45F200AFA997 /* Blocstagram.xcworkspace */ = {isa = PBXFileReference; lastKnownFileType = wrapper.workspace; path = Blocstagram.xcworkspace; sourceTree = "<group>"; };
		BABD62EB926DA5E3B11D87EC /* libPods.a */ = {isa = PBXFileReference; explicitFileType = archive.ar; includeInIndex = 0; path = libPods.a; sourceTree = BUILT_PRODUCTS_DIR; };
		E7C406DF48918F4BC68BFF8C /* Pods.debug.xcconfig */ = {isa = PBXFileReference; includeInIndex = 1; lastKnownFileType = text.xcconfig; name = Pods.debug.xcconfig; path = "Pods/Target Support Files/Pods/Pods.debug.xcconfig"; sourceTree = "<group>"; };
/* End PBXFileReference section */

/* Begin PBXFrameworksBuildPhase section */
		B6B289F41A91544C00F5BF7C /* Frameworks */ = {
			isa = PBXFrameworksBuildPhase;
			buildActionMask = 2147483647;
			files = (
				EB03D0F0220B9F1957EA9D44 /* libPods.a in Frameworks */,
			);
			runOnlyForDeploymentPostprocessing = 0;
		};
		B6B28A0D1A91544C00F5BF7C /* Frameworks */ = {
			isa = PBXFrameworksBuildPhase;
			buildActionMask = 2147483647;
			files = (
			);
			runOnlyForDeploymentPostprocessing = 0;
		};
/* End PBXFrameworksBuildPhase section */

/* Begin PBXGroup section */
		92A9B465A9009BBA34809559 /* Pods */ = {
			isa = PBXGroup;
			children = (
				E7C406DF48918F4BC68BFF8C /* Pods.debug.xcconfig */,
				19FDBF76F9326310BFB1B89F /* Pods.release.xcconfig */,
				B6CC25621AAD45F200AFA997 /* Blocstagram.xcworkspace */,
			);
			name = Pods;
			sourceTree = "<group>";
		};
		B6B289EE1A91544B00F5BF7C = {
			isa = PBXGroup;
			children = (
				B6B289F91A91544C00F5BF7C /* Blocstagram */,
				B6B28A131A91544C00F5BF7C /* BlocstagramTests */,
				B6B289F81A91544C00F5BF7C /* Products */,
				92A9B465A9009BBA34809559 /* Pods */,
				F930DB12F27CBB99642FB38B /* Frameworks */,
			);
			sourceTree = "<group>";
		};
		B6B289F81A91544C00F5BF7C /* Products */ = {
			isa = PBXGroup;
			children = (
				B6B289F71A91544C00F5BF7C /* Blocstagram.app */,
				B6B28A101A91544C00F5BF7C /* BlocstagramTests.xctest */,
			);
			name = Products;
			sourceTree = "<group>";
		};
		B6B289F91A91544C00F5BF7C /* Blocstagram */ = {
			isa = PBXGroup;
			children = (
				B6B28A381A91581700F5BF7C /* ImagesTableViewController.h */,
				B6B28A391A91581700F5BF7C /* ImagesTableViewController.m */,
				B6B28A3B1A91802000F5BF7C /* User.h */,
				B6B28A3C1A91802000F5BF7C /* User.m */,
				B6B28A411A9185E700F5BF7C /* Comment.h */,
				B6B28A421A9185E700F5BF7C /* Comment.m */,
				B6B28A441A91866800F5BF7C /* DataSource.h */,
				B6B28A451A91866800F5BF7C /* DataSource.m */,
				B6B69F991AA2739800FA7711 /* LoginViewController.h */,
				B6B69F9A1AA2739800FA7711 /* LoginViewController.m */,
				B66C8BA11A92EEBF008BB9E9 /* MediaTableViewCell.h */,
				B66C8BA21A92EEC0008BB9E9 /* MediaTableViewCell.m */,
				B6B28A3E1A9181B400F5BF7C /* Media.h */,
				B6B28A3F1A9181B400F5BF7C /* Media.m */,
				B6B289FE1A91544C00F5BF7C /* AppDelegate.h */,
				B6B289FF1A91544C00F5BF7C /* AppDelegate.m */,
				B6B28A071A91544C00F5BF7C /* Images.xcassets */,
				B6B28A201A9156C700F5BF7C /* Images */,
				B6B289FA1A91544C00F5BF7C /* Supporting Files */,
			);
			path = Blocstagram;
			sourceTree = "<group>";
		};
		B6B289FA1A91544C00F5BF7C /* Supporting Files */ = {
			isa = PBXGroup;
			children = (
				B6B289FB1A91544C00F5BF7C /* Info.plist */,
				B6B289FC1A91544C00F5BF7C /* main.m */,
			);
			name = "Supporting Files";
			sourceTree = "<group>";
		};
		B6B28A131A91544C00F5BF7C /* BlocstagramTests */ = {
			isa = PBXGroup;
			children = (
				B6B28A161A91544C00F5BF7C /* BlocstagramTests.m */,
				B6B28A141A91544C00F5BF7C /* Supporting Files */,
			);
			path = BlocstagramTests;
			sourceTree = "<group>";
		};
		B6B28A141A91544C00F5BF7C /* Supporting Files */ = {
			isa = PBXGroup;
			children = (
				B6B28A151A91544C00F5BF7C /* Info.plist */,
			);
			name = "Supporting Files";
			sourceTree = "<group>";
		};
		B6B28A201A9156C700F5BF7C /* Images */ = {
			isa = PBXGroup;
			children = (
				B6B28A211A9156F400F5BF7C /* 1.jpg */,
				B6B28A221A9156F400F5BF7C /* 2.jpg */,
				B6B28A231A9156F400F5BF7C /* 3.jpg */,
				B6B28A241A9156F400F5BF7C /* 4.jpg */,
				B6B28A251A9156F400F5BF7C /* 5.jpg */,
				B6B28A261A9156F400F5BF7C /* 6.jpg */,
				B6B28A271A9156F400F5BF7C /* 7.jpg */,
				B6B28A281A9156F400F5BF7C /* 8.jpg */,
				B6B28A291A9156F400F5BF7C /* 9.jpg */,
				B6B28A2A1A9156F400F5BF7C /* 10.jpg */,
			);
			name = Images;
			sourceTree = "<group>";
		};
		F930DB12F27CBB99642FB38B /* Frameworks */ = {
			isa = PBXGroup;
			children = (
				BABD62EB926DA5E3B11D87EC /* libPods.a */,
			);
			name = Frameworks;
			sourceTree = "<group>";
		};
/* End PBXGroup section */

/* Begin PBXNativeTarget section */
		B6B289F61A91544C00F5BF7C /* Blocstagram */ = {
			isa = PBXNativeTarget;
			buildConfigurationList = B6B28A1A1A91544C00F5BF7C /* Build configuration list for PBXNativeTarget "Blocstagram" */;
			buildPhases = (
				026F1D1DFEE4408E6C40B839 /* Check Pods Manifest.lock */,
				B6B289F31A91544C00F5BF7C /* Sources */,
				B6B289F41A91544C00F5BF7C /* Frameworks */,
				B6B289F51A91544C00F5BF7C /* Resources */,
				3D307681C3B8F4A87289814B /* Copy Pods Resources */,
			);
			buildRules = (
			);
			dependencies = (
			);
			name = Blocstagram;
			productName = Blocstagram;
			productReference = B6B289F71A91544C00F5BF7C /* Blocstagram.app */;
			productType = "com.apple.product-type.application";
		};
		B6B28A0F1A91544C00F5BF7C /* BlocstagramTests */ = {
			isa = PBXNativeTarget;
			buildConfigurationList = B6B28A1D1A91544C00F5BF7C /* Build configuration list for PBXNativeTarget "BlocstagramTests" */;
			buildPhases = (
				B6B28A0C1A91544C00F5BF7C /* Sources */,
				B6B28A0D1A91544C00F5BF7C /* Frameworks */,
				B6B28A0E1A91544C00F5BF7C /* Resources */,
			);
			buildRules = (
			);
			dependencies = (
				B6B28A121A91544C00F5BF7C /* PBXTargetDependency */,
			);
			name = BlocstagramTests;
			productName = BlocstagramTests;
			productReference = B6B28A101A91544C00F5BF7C /* BlocstagramTests.xctest */;
			productType = "com.apple.product-type.bundle.unit-test";
		};
/* End PBXNativeTarget section */

/* Begin PBXProject section */
		B6B289EF1A91544C00F5BF7C /* Project object */ = {
			isa = PBXProject;
			attributes = {
				LastUpgradeCheck = 0610;
				ORGANIZATIONNAME = Bloc;
				TargetAttributes = {
					B6B289F61A91544C00F5BF7C = {
						CreatedOnToolsVersion = 6.1.1;
					};
					B6B28A0F1A91544C00F5BF7C = {
						CreatedOnToolsVersion = 6.1.1;
						TestTargetID = B6B289F61A91544C00F5BF7C;
					};
				};
			};
			buildConfigurationList = B6B289F21A91544C00F5BF7C /* Build configuration list for PBXProject "Blocstagram" */;
			compatibilityVersion = "Xcode 3.2";
			developmentRegion = English;
			hasScannedForEncodings = 0;
			knownRegions = (
				en,
				Base,
			);
			mainGroup = B6B289EE1A91544B00F5BF7C;
			productRefGroup = B6B289F81A91544C00F5BF7C /* Products */;
			projectDirPath = "";
			projectRoot = "";
			targets = (
				B6B289F61A91544C00F5BF7C /* Blocstagram */,
				B6B28A0F1A91544C00F5BF7C /* BlocstagramTests */,
			);
		};
/* End PBXProject section */

/* Begin PBXResourcesBuildPhase section */
		B6B289F51A91544C00F5BF7C /* Resources */ = {
			isa = PBXResourcesBuildPhase;
			buildActionMask = 2147483647;
			files = (
				B6B28A301A9156F400F5BF7C /* 6.jpg in Resources */,
				B6B28A2C1A9156F400F5BF7C /* 2.jpg in Resources */,
				B6B28A081A91544C00F5BF7C /* Images.xcassets in Resources */,
				B6B28A341A9156F400F5BF7C /* 10.jpg in Resources */,
				B6B28A331A9156F400F5BF7C /* 9.jpg in Resources */,
				B6B28A321A9156F400F5BF7C /* 8.jpg in Resources */,
				B6CC25631AAD45F200AFA997 /* Blocstagram.xcworkspace in Resources */,
				B6B28A311A9156F400F5BF7C /* 7.jpg in Resources */,
				B6B28A2B1A9156F400F5BF7C /* 1.jpg in Resources */,
				B6B28A2F1A9156F400F5BF7C /* 5.jpg in Resources */,
				B6B28A2E1A9156F400F5BF7C /* 4.jpg in Resources */,
				B6B28A2D1A9156F400F5BF7C /* 3.jpg in Resources */,
			);
			runOnlyForDeploymentPostprocessing = 0;
		};
		B6B28A0E1A91544C00F5BF7C /* Resources */ = {
			isa = PBXResourcesBuildPhase;
			buildActionMask = 2147483647;
			files = (
			);
			runOnlyForDeploymentPostprocessing = 0;
		};
/* End PBXResourcesBuildPhase section */

/* Begin PBXShellScriptBuildPhase section */
		026F1D1DFEE4408E6C40B839 /* Check Pods Manifest.lock */ = {
			isa = PBXShellScriptBuildPhase;
			buildActionMask = 2147483647;
			files = (
			);
			inputPaths = (
			);
			name = "Check Pods Manifest.lock";
			outputPaths = (
			);
			runOnlyForDeploymentPostprocessing = 0;
			shellPath = /bin/sh;
			shellScript = "diff \"${PODS_ROOT}/../Podfile.lock\" \"${PODS_ROOT}/Manifest.lock\" > /dev/null\nif [[ $? != 0 ]] ; then\n    cat << EOM\nerror: The sandbox is not in sync with the Podfile.lock. Run 'pod install' or update your CocoaPods installation.\nEOM\n    exit 1\nfi\n";
			showEnvVarsInLog = 0;
		};
		3D307681C3B8F4A87289814B /* Copy Pods Resources */ = {
			isa = PBXShellScriptBuildPhase;
			buildActionMask = 2147483647;
			files = (
			);
			inputPaths = (
			);
			name = "Copy Pods Resources";
			outputPaths = (
			);
			runOnlyForDeploymentPostprocessing = 0;
			shellPath = /bin/sh;
			shellScript = "\"${SRCROOT}/Pods/Target Support Files/Pods/Pods-resources.sh\"\n";
			showEnvVarsInLog = 0;
		};
/* End PBXShellScriptBuildPhase section */

/* Begin PBXSourcesBuildPhase section */
		B6B289F31A91544C00F5BF7C /* Sources */ = {
			isa = PBXSourcesBuildPhase;
			buildActionMask = 2147483647;
			files = (
				B6B28A3D1A91802000F5BF7C /* User.m in Sources */,
				B6B28A431A9185E700F5BF7C /* Comment.m in Sources */,
				B66C8BA31A92EEC0008BB9E9 /* MediaTableViewCell.m in Sources */,
				B6B28A401A9181B400F5BF7C /* Media.m in Sources */,
				B6B28A3A1A91581700F5BF7C /* ImagesTableViewController.m in Sources */,
				B6B69F9B1AA2739800FA7711 /* LoginViewController.m in Sources */,
				B6B28A461A91866800F5BF7C /* DataSource.m in Sources */,
				B6B28A001A91544C00F5BF7C /* AppDelegate.m in Sources */,
				B6B289FD1A91544C00F5BF7C /* main.m in Sources */,
			);
			runOnlyForDeploymentPostprocessing = 0;
		};
		B6B28A0C1A91544C00F5BF7C /* Sources */ = {
			isa = PBXSourcesBuildPhase;
			buildActionMask = 2147483647;
			files = (
				B6B28A171A91544C00F5BF7C /* BlocstagramTests.m in Sources */,
			);
			runOnlyForDeploymentPostprocessing = 0;
		};
/* End PBXSourcesBuildPhase section */

/* Begin PBXTargetDependency section */
		B6B28A121A91544C00F5BF7C /* PBXTargetDependency */ = {
			isa = PBXTargetDependency;
			target = B6B289F61A91544C00F5BF7C /* Blocstagram */;
			targetProxy = B6B28A111A91544C00F5BF7C /* PBXContainerItemProxy */;
		};
/* End PBXTargetDependency section */

/* Begin XCBuildConfiguration section */
		B6B28A181A91544C00F5BF7C /* Debug */ = {
			isa = XCBuildConfiguration;
			buildSettings = {
				ALWAYS_SEARCH_USER_PATHS = NO;
				CLANG_CXX_LANGUAGE_STANDARD = "gnu++0x";
				CLANG_CXX_LIBRARY = "libc++";
				CLANG_ENABLE_MODULES = YES;
				CLANG_ENABLE_OBJC_ARC = YES;
				CLANG_WARN_BOOL_CONVERSION = YES;
				CLANG_WARN_CONSTANT_CONVERSION = YES;
				CLANG_WARN_DIRECT_OBJC_ISA_USAGE = YES_ERROR;
				CLANG_WARN_EMPTY_BODY = YES;
				CLANG_WARN_ENUM_CONVERSION = YES;
				CLANG_WARN_INT_CONVERSION = YES;
				CLANG_WARN_OBJC_ROOT_CLASS = YES_ERROR;
				CLANG_WARN_UNREACHABLE_CODE = YES;
				CLANG_WARN__DUPLICATE_METHOD_MATCH = YES;
				"CODE_SIGN_IDENTITY[sdk=iphoneos*]" = "iPhone Developer";
				COPY_PHASE_STRIP = NO;
				ENABLE_STRICT_OBJC_MSGSEND = YES;
				GCC_C_LANGUAGE_STANDARD = gnu99;
				GCC_DYNAMIC_NO_PIC = NO;
				GCC_OPTIMIZATION_LEVEL = 0;
				GCC_PREPROCESSOR_DEFINITIONS = (
					"DEBUG=1",
					"$(inherited)",
				);
				GCC_SYMBOLS_PRIVATE_EXTERN = NO;
				GCC_WARN_64_TO_32_BIT_CONVERSION = YES;
				GCC_WARN_ABOUT_RETURN_TYPE = YES_ERROR;
				GCC_WARN_UNDECLARED_SELECTOR = YES;
				GCC_WARN_UNINITIALIZED_AUTOS = YES_AGGRESSIVE;
				GCC_WARN_UNUSED_FUNCTION = YES;
				GCC_WARN_UNUSED_VARIABLE = YES;
				IPHONEOS_DEPLOYMENT_TARGET = 8.1;
				MTL_ENABLE_DEBUG_INFO = YES;
				ONLY_ACTIVE_ARCH = YES;
				SDKROOT = iphoneos;
				TARGETED_DEVICE_FAMILY = "1,2";
			};
			name = Debug;
		};
		B6B28A191A91544C00F5BF7C /* Release */ = {
			isa = XCBuildConfiguration;
			buildSettings = {
				ALWAYS_SEARCH_USER_PATHS = NO;
				CLANG_CXX_LANGUAGE_STANDARD = "gnu++0x";
				CLANG_CXX_LIBRARY = "libc++";
				CLANG_ENABLE_MODULES = YES;
				CLANG_ENABLE_OBJC_ARC = YES;
				CLANG_WARN_BOOL_CONVERSION = YES;
				CLANG_WARN_CONSTANT_CONVERSION = YES;
				CLANG_WARN_DIRECT_OBJC_ISA_USAGE = YES_ERROR;
				CLANG_WARN_EMPTY_BODY = YES;
				CLANG_WARN_ENUM_CONVERSION = YES;
				CLANG_WARN_INT_CONVERSION = YES;
				CLANG_WARN_OBJC_ROOT_CLASS = YES_ERROR;
				CLANG_WARN_UNREACHABLE_CODE = YES;
				CLANG_WARN__DUPLICATE_METHOD_MATCH = YES;
				"CODE_SIGN_IDENTITY[sdk=iphoneos*]" = "iPhone Developer";
				COPY_PHASE_STRIP = YES;
				ENABLE_NS_ASSERTIONS = NO;
				ENABLE_STRICT_OBJC_MSGSEND = YES;
				GCC_C_LANGUAGE_STANDARD = gnu99;
				GCC_WARN_64_TO_32_BIT_CONVERSION = YES;
				GCC_WARN_ABOUT_RETURN_TYPE = YES_ERROR;
				GCC_WARN_UNDECLARED_SELECTOR = YES;
				GCC_WARN_UNINITIALIZED_AUTOS = YES_AGGRESSIVE;
				GCC_WARN_UNUSED_FUNCTION = YES;
				GCC_WARN_UNUSED_VARIABLE = YES;
				IPHONEOS_DEPLOYMENT_TARGET = 8.1;
				MTL_ENABLE_DEBUG_INFO = NO;
				SDKROOT = iphoneos;
				TARGETED_DEVICE_FAMILY = "1,2";
				VALIDATE_PRODUCT = YES;
			};
			name = Release;
		};
		B6B28A1B1A91544C00F5BF7C /* Debug */ = {
			isa = XCBuildConfiguration;
			baseConfigurationReference = E7C406DF48918F4BC68BFF8C /* Pods.debug.xcconfig */;
			buildSettings = {
				ASSETCATALOG_COMPILER_APPICON_NAME = AppIcon;
				INFOPLIST_FILE = Blocstagram/Info.plist;
				LD_RUNPATH_SEARCH_PATHS = "$(inherited) @executable_path/Frameworks";
				PRODUCT_NAME = "$(TARGET_NAME)";
			};
			name = Debug;
		};
		B6B28A1C1A91544C00F5BF7C /* Release */ = {
			isa = XCBuildConfiguration;
			baseConfigurationReference = 19FDBF76F9326310BFB1B89F /* Pods.release.xcconfig */;
			buildSettings = {
				ASSETCATALOG_COMPILER_APPICON_NAME = AppIcon;
				INFOPLIST_FILE = Blocstagram/Info.plist;
				LD_RUNPATH_SEARCH_PATHS = "$(inherited) @executable_path/Frameworks";
				PRODUCT_NAME = "$(TARGET_NAME)";
			};
			name = Release;
		};
		B6B28A1E1A91544C00F5BF7C /* Debug */ = {
			isa = XCBuildConfiguration;
			buildSettings = {
				BUNDLE_LOADER = "$(TEST_HOST)";
				FRAMEWORK_SEARCH_PATHS = (
					"$(SDKROOT)/Developer/Library/Frameworks",
					"$(inherited)",
				);
				GCC_PREPROCESSOR_DEFINITIONS = (
					"DEBUG=1",
					"$(inherited)",
				);
				INFOPLIST_FILE = BlocstagramTests/Info.plist;
				LD_RUNPATH_SEARCH_PATHS = "$(inherited) @executable_path/Frameworks @loader_path/Frameworks";
				PRODUCT_NAME = "$(TARGET_NAME)";
				TEST_HOST = "$(BUILT_PRODUCTS_DIR)/Blocstagram.app/Blocstagram";
			};
			name = Debug;
		};
		B6B28A1F1A91544C00F5BF7C /* Release */ = {
			isa = XCBuildConfiguration;
			buildSettings = {
				BUNDLE_LOADER = "$(TEST_HOST)";
				FRAMEWORK_SEARCH_PATHS = (
					"$(SDKROOT)/Developer/Library/Frameworks",
					"$(inherited)",
				);
				INFOPLIST_FILE = BlocstagramTests/Info.plist;
				LD_RUNPATH_SEARCH_PATHS = "$(inherited) @executable_path/Frameworks @loader_path/Frameworks";
				PRODUCT_NAME = "$(TARGET_NAME)";
				TEST_HOST = "$(BUILT_PRODUCTS_DIR)/Blocstagram.app/Blocstagram";
			};
			name = Release;
		};
/* End XCBuildConfiguration section */

/* Begin XCConfigurationList section */
		B6B289F21A91544C00F5BF7C /* Build configuration list for PBXProject "Blocstagram" */ = {
			isa = XCConfigurationList;
			buildConfigurations = (
				B6B28A181A91544C00F5BF7C /* Debug */,
				B6B28A191A91544C00F5BF7C /* Release */,
			);
			defaultConfigurationIsVisible = 0;
			defaultConfigurationName = Release;
		};
		B6B28A1A1A91544C00F5BF7C /* Build configuration list for PBXNativeTarget "Blocstagram" */ = {
			isa = XCConfigurationList;
			buildConfigurations = (
				B6B28A1B1A91544C00F5BF7C /* Debug */,
				B6B28A1C1A91544C00F5BF7C /* Release */,
			);
			defaultConfigurationIsVisible = 0;
			defaultConfigurationName = Release;
		};
		B6B28A1D1A91544C00F5BF7C /* Build configuration list for PBXNativeTarget "BlocstagramTests" */ = {
			isa = XCConfigurationList;
			buildConfigurations = (
				B6B28A1E1A91544C00F5BF7C /* Debug */,
				B6B28A1F1A91544C00F5BF7C /* Release */,
			);
			defaultConfigurationIsVisible = 0;
			defaultConfigurationName = Release;
		};
/* End XCConfigurationList section */
	};
	rootObject = B6B289EF1A91544C00F5BF7C /* Project object */;
}
